// !$*UTF8*$!
{
	archiveVersion = 1;
	classes = {
	};
	objectVersion = 46;
	objects = {

/* Begin PBXBuildFile section */
		039290241C65AFAA00024D00 /* DetailVC.swift in Sources */ = {isa = PBXBuildFile; fileRef = 039290231C65AFAA00024D00 /* DetailVC.swift */; };
		03D67E3F1C65892700E062C0 /* AppDelegate.swift in Sources */ = {isa = PBXBuildFile; fileRef = 03D67E3E1C65892700E062C0 /* AppDelegate.swift */; };
		03D67E411C65892700E062C0 /* ViewController.swift in Sources */ = {isa = PBXBuildFile; fileRef = 03D67E401C65892700E062C0 /* ViewController.swift */; };
		03D67E441C65892700E062C0 /* Main.storyboard in Resources */ = {isa = PBXBuildFile; fileRef = 03D67E421C65892700E062C0 /* Main.storyboard */; };
		03D67E471C65892700E062C0 /* MyFavouriteMovies.xcdatamodeld in Sources */ = {isa = PBXBuildFile; fileRef = 03D67E451C65892700E062C0 /* MyFavouriteMovies.xcdatamodeld */; };
		03D67E491C65892700E062C0 /* Assets.xcassets in Resources */ = {isa = PBXBuildFile; fileRef = 03D67E481C65892700E062C0 /* Assets.xcassets */; };
		03D67E4C1C65892700E062C0 /* LaunchScreen.storyboard in Resources */ = {isa = PBXBuildFile; fileRef = 03D67E4A1C65892700E062C0 /* LaunchScreen.storyboard */; };
		03D67E571C65901B00E062C0 /* MovieCell.swift in Sources */ = {isa = PBXBuildFile; fileRef = 03D67E561C65901B00E062C0 /* MovieCell.swift */; };
		03D67E5A1C65918000E062C0 /* Movie+CoreDataProperties.swift in Sources */ = {isa = PBXBuildFile; fileRef = 03D67E581C65918000E062C0 /* Movie+CoreDataProperties.swift */; };
		03D67E5B1C65918000E062C0 /* Movie.swift in Sources */ = {isa = PBXBuildFile; fileRef = 03D67E591C65918000E062C0 /* Movie.swift */; };
		03D67E5D1C659D4A00E062C0 /* AddMovieVC.swift in Sources */ = {isa = PBXBuildFile; fileRef = 03D67E5C1C659D4A00E062C0 /* AddMovieVC.swift */; };
/* End PBXBuildFile section */

/* Begin PBXFileReference section */
		039290231C65AFAA00024D00 /* DetailVC.swift */ = {isa = PBXFileReference; fileEncoding = 4; lastKnownFileType = sourcecode.swift; path = DetailVC.swift; sourceTree = "<group>"; };
		03D67E3B1C65892700E062C0 /* MyFavouriteMovies.app */ = {isa = PBXFileReference; explicitFileType = wrapper.application; includeInIndex = 0; path = MyFavouriteMovies.app; sourceTree = BUILT_PRODUCTS_DIR; };
		03D67E3E1C65892700E062C0 /* AppDelegate.swift */ = {isa = PBXFileReference; lastKnownFileType = sourcecode.swift; path = AppDelegate.swift; sourceTree = "<group>"; };
		03D67E401C65892700E062C0 /* ViewController.swift */ = {isa = PBXFileReference; lastKnownFileType = sourcecode.swift; path = ViewController.swift; sourceTree = "<group>"; };
		03D67E431C65892700E062C0 /* Base */ = {isa = PBXFileReference; lastKnownFileType = file.storyboard; name = Base; path = Base.lproj/Main.storyboard; sourceTree = "<group>"; };
		03D67E461C65892700E062C0 /* MyFavouriteMovies.xcdatamodel */ = {isa = PBXFileReference; lastKnownFileType = wrapper.xcdatamodel; path = MyFavouriteMovies.xcdatamodel; sourceTree = "<group>"; };
		03D67E481C65892700E062C0 /* Assets.xcassets */ = {isa = PBXFileReference; lastKnownFileType = folder.assetcatalog; path = Assets.xcassets; sourceTree = "<group>"; };
		03D67E4B1C65892700E062C0 /* Base */ = {isa = PBXFileReference; lastKnownFileType = file.storyboard; name = Base; path = Base.lproj/LaunchScreen.storyboard; sourceTree = "<group>"; };
		03D67E4D1C65892700E062C0 /* Info.plist */ = {isa = PBXFileReference; lastKnownFileType = text.plist.xml; path = Info.plist; sourceTree = "<group>"; };
		03D67E561C65901B00E062C0 /* MovieCell.swift */ = {isa = PBXFileReference; fileEncoding = 4; lastKnownFileType = sourcecode.swift; path = MovieCell.swift; sourceTree = "<group>"; };
		03D67E581C65918000E062C0 /* Movie+CoreDataProperties.swift */ = {isa = PBXFileReference; fileEncoding = 4; lastKnownFileType = sourcecode.swift; name = "Movie+CoreDataProperties.swift"; path = "../Movie+CoreDataProperties.swift"; sourceTree = "<group>"; };
		03D67E591C65918000E062C0 /* Movie.swift */ = {isa = PBXFileReference; fileEncoding = 4; lastKnownFileType = sourcecode.swift; name = Movie.swift; path = ../Movie.swift; sourceTree = "<group>"; };
		03D67E5C1C659D4A00E062C0 /* AddMovieVC.swift */ = {isa = PBXFileReference; fileEncoding = 4; lastKnownFileType = sourcecode.swift; path = AddMovieVC.swift; sourceTree = "<group>"; };
/* End PBXFileReference section */

/* Begin PBXFrameworksBuildPhase section */
		03D67E381C65892700E062C0 /* Frameworks */ = {
			isa = PBXFrameworksBuildPhase;
			buildActionMask = 2147483647;
			files = (
			);
			runOnlyForDeploymentPostprocessing = 0;
		};
/* End PBXFrameworksBuildPhase section */

/* Begin PBXGroup section */
		03D67E321C65892700E062C0 = {
			isa = PBXGroup;
			children = (
				03D67E3D1C65892700E062C0 /* MyFavouriteMovies */,
				03D67E3C1C65892700E062C0 /* Products */,
			);
			sourceTree = "<group>";
		};
		03D67E3C1C65892700E062C0 /* Products */ = {
			isa = PBXGroup;
			children = (
				03D67E3B1C65892700E062C0 /* MyFavouriteMovies.app */,
			);
			name = Products;
			sourceTree = "<group>";
		};
		03D67E3D1C65892700E062C0 /* MyFavouriteMovies */ = {
			isa = PBXGroup;
			children = (
				03D67E551C658FFA00E062C0 /* Model */,
				03D67E541C658FEF00E062C0 /* View */,
				03D67E531C658FE600E062C0 /* Controller */,
				03D67E3E1C65892700E062C0 /* AppDelegate.swift */,
				03D67E421C65892700E062C0 /* Main.storyboard */,
				03D67E481C65892700E062C0 /* Assets.xcassets */,
				03D67E4A1C65892700E062C0 /* LaunchScreen.storyboard */,
				03D67E4D1C65892700E062C0 /* Info.plist */,
				03D67E451C65892700E062C0 /* MyFavouriteMovies.xcdatamodeld */,
			);
			path = MyFavouriteMovies;
			sourceTree = "<group>";
		};
		03D67E531C658FE600E062C0 /* Controller */ = {
			isa = PBXGroup;
			children = (
				03D67E401C65892700E062C0 /* ViewController.swift */,
				03D67E5C1C659D4A00E062C0 /* AddMovieVC.swift */,
				039290231C65AFAA00024D00 /* DetailVC.swift */,
			);
			name = Controller;
			sourceTree = "<group>";
		};
		03D67E541C658FEF00E062C0 /* View */ = {
			isa = PBXGroup;
			children = (
				03D67E561C65901B00E062C0 /* MovieCell.swift */,
			);
			name = View;
			sourceTree = "<group>";
		};
		03D67E551C658FFA00E062C0 /* Model */ = {
			isa = PBXGroup;
			children = (
				03D67E581C65918000E062C0 /* Movie+CoreDataProperties.swift */,
				03D67E591C65918000E062C0 /* Movie.swift */,
			);
			name = Model;
			sourceTree = "<group>";
		};
/* End PBXGroup section */

/* Begin PBXNativeTarget section */
		03D67E3A1C65892700E062C0 /* MyFavouriteMovies */ = {
			isa = PBXNativeTarget;
			buildConfigurationList = 03D67E501C65892700E062C0 /* Build configuration list for PBXNativeTarget "MyFavouriteMovies" */;
			buildPhases = (
				03D67E371C65892700E062C0 /* Sources */,
				03D67E381C65892700E062C0 /* Frameworks */,
				03D67E391C65892700E062C0 /* Resources */,
			);
			buildRules = (
			);
			dependencies = (
			);
			name = MyFavouriteMovies;
			productName = MyFavouriteMovies;
			productReference = 03D67E3B1C65892700E062C0 /* MyFavouriteMovies.app */;
			productType = "com.apple.product-type.application";
		};
/* End PBXNativeTarget section */

/* Begin PBXProject section */
		03D67E331C65892700E062C0 /* Project object */ = {
			isa = PBXProject;
			attributes = {
				LastSwiftUpdateCheck = 0720;
				LastUpgradeCheck = 0720;
				ORGANIZATIONNAME = "Fox Gallery Studios";
				TargetAttributes = {
					03D67E3A1C65892700E062C0 = {
						CreatedOnToolsVersion = 7.2.1;
						DevelopmentTeam = 5A4Q8Q92CT;
					};
				};
			};
			buildConfigurationList = 03D67E361C65892700E062C0 /* Build configuration list for PBXProject "MyFavouriteMovies" */;
			compatibilityVersion = "Xcode 3.2";
			developmentRegion = English;
			hasScannedForEncodings = 0;
			knownRegions = (
				en,
				Base,
			);
			mainGroup = 03D67E321C65892700E062C0;
			productRefGroup = 03D67E3C1C65892700E062C0 /* Products */;
			projectDirPath = "";
			projectRoot = "";
			targets = (
				03D67E3A1C65892700E062C0 /* MyFavouriteMovies */,
			);
		};
/* End PBXProject section */

/* Begin PBXResourcesBuildPhase section */
		03D67E391C65892700E062C0 /* Resources */ = {
			isa = PBXResourcesBuildPhase;
			buildActionMask = 2147483647;
			files = (
				03D67E4C1C65892700E062C0 /* LaunchScreen.storyboard in Resources */,
				03D67E491C65892700E062C0 /* Assets.xcassets in Resources */,
				03D67E441C65892700E062C0 /* Main.storyboard in Resources */,
			);
			runOnlyForDeploymentPostprocessing = 0;
		};
/* End PBXResourcesBuildPhase section */

/* Begin PBXSourcesBuildPhase section */
		03D67E371C65892700E062C0 /* Sources */ = {
			isa = PBXSourcesBuildPhase;
			buildActionMask = 2147483647;
			files = (
				03D67E411C65892700E062C0 /* ViewController.swift in Sources */,
				03D67E5A1C65918000E062C0 /* Movie+CoreDataProperties.swift in Sources */,
				03D67E5B1C65918000E062C0 /* Movie.swift in Sources */,
				03D67E471C65892700E062C0 /* MyFavouriteMovies.xcdatamodeld in Sources */,
				03D67E5D1C659D4A00E062C0 /* AddMovieVC.swift in Sources */,
				039290241C65AFAA00024D00 /* DetailVC.swift in Sources */,
				03D67E571C65901B00E062C0 /* MovieCell.swift in Sources */,
				03D67E3F1C65892700E062C0 /* AppDelegate.swift in Sources */,
			);
			runOnlyForDeploymentPostprocessing = 0;
		};
/* End PBXSourcesBuildPhase section */

/* Begin PBXVariantGroup section */
		03D67E421C65892700E062C0 /* Main.storyboard */ = {
			isa = PBXVariantGroup;
			children = (
				03D67E431C65892700E062C0 /* Base */,
			);
			name = Main.storyboard;
			sourceTree = "<group>";
		};
		03D67E4A1C65892700E062C0 /* LaunchScreen.storyboard */ = {
			isa = PBXVariantGroup;
			children = (
				03D67E4B1C65892700E062C0 /* Base */,
			);
			name = LaunchScreen.storyboard;
			sourceTree = "<group>";
		};
/* End PBXVariantGroup section */

/* Begin XCBuildConfiguration section */
		03D67E4E1C65892700E062C0 /* Debug */ = {
			isa = XCBuildConfiguration;
			buildSettings = {
				ALWAYS_SEARCH_USER_PATHS = NO;
				CLANG_CXX_LANGUAGE_STANDARD = "gnu++0x";
				CLANG_CXX_LIBRARY = "libc++";
				CLANG_ENABLE_MODULES = YES;
				CLANG_ENABLE_OBJC_ARC = YES;
				CLANG_WARN_BOOL_CONVERSION = YES;
				CLANG_WARN_CONSTANT_CONVERSION = YES;
				CLANG_WARN_DIRECT_OBJC_ISA_USAGE = YES_ERROR;
				CLANG_WARN_EMPTY_BODY = YES;
				CLANG_WARN_ENUM_CONVERSION = YES;
				CLANG_WARN_INT_CONVERSION = YES;
				CLANG_WARN_OBJC_ROOT_CLASS = YES_ERROR;
				CLANG_WARN_UNREACHABLE_CODE = YES;
				CLANG_WARN__DUPLICATE_METHOD_MATCH = YES;
				"CODE_SIGN_IDENTITY[sdk=iphoneos*]" = "iPhone Developer";
				COPY_PHASE_STRIP = NO;
				DEBUG_INFORMATION_FORMAT = dwarf;
				ENABLE_STRICT_OBJC_MSGSEND = YES;
				ENABLE_TESTABILITY = YES;
				GCC_C_LANGUAGE_STANDARD = gnu99;
				GCC_DYNAMIC_NO_PIC = NO;
				GCC_NO_COMMON_BLOCKS = YES;
				GCC_OPTIMIZATION_LEVEL = 0;
				GCC_PREPROCESSOR_DEFINITIONS = (
					"DEBUG=1",
					"$(inherited)",
				);
				GCC_WARN_64_TO_32_BIT_CONVERSION = YES;
				GCC_WARN_ABOUT_RETURN_TYPE = YES_ERROR;
				GCC_WARN_UNDECLARED_SELECTOR = YES;
				GCC_WARN_UNINITIALIZED_AUTOS = YES_AGGRESSIVE;
				GCC_WARN_UNUSED_FUNCTION = YES;
				GCC_WARN_UNUSED_VARIABLE = YES;
				IPHONEOS_DEPLOYMENT_TARGET = 9.2;
				MTL_ENABLE_DEBUG_INFO = YES;
				ONLY_ACTIVE_ARCH = YES;
				SDKROOT = iphoneos;
				SWIFT_OPTIMIZATION_LEVEL = "-Onone";
			};
			name = Debug;
		};
		03D67E4F1C65892700E062C0 /* Release */ = {
			isa = XCBuildConfiguration;
			buildSettings = {
				ALWAYS_SEARCH_USER_PATHS = NO;
				CLANG_CXX_LANGUAGE_STANDARD = "gnu++0x";
				CLANG_CXX_LIBRARY = "libc++";
				CLANG_ENABLE_MODULES = YES;
				CLANG_ENABLE_OBJC_ARC = YES;
				CLANG_WARN_BOOL_CONVERSION = YES;
				CLANG_WARN_CONSTANT_CONVERSION = YES;
				CLANG_WARN_DIRECT_OBJC_ISA_USAGE = YES_ERROR;
				CLANG_WARN_EMPTY_BODY = YES;
				CLANG_WARN_ENUM_CONVERSION = YES;
				CLANG_WARN_INT_CONVERSION = YES;
				CLANG_WARN_OBJC_ROOT_CLASS = YES_ERROR;
				CLANG_WARN_UNREACHABLE_CODE = YES;
				CLANG_WARN__DUPLICATE_METHOD_MATCH = YES;
				"CODE_SIGN_IDENTITY[sdk=iphoneos*]" = "iPhone Developer";
				COPY_PHASE_STRIP = NO;
				DEBUG_INFORMATION_FORMAT = "dwarf-with-dsym";
				ENABLE_NS_ASSERTIONS = NO;
				ENABLE_STRICT_OBJC_MSGSEND = YES;
				GCC_C_LANGUAGE_STANDARD = gnu99;
				GCC_NO_COMMON_BLOCKS = YES;
				GCC_WARN_64_TO_32_BIT_CONVERSION = YES;
				GCC_WARN_ABOUT_RETURN_TYPE = YES_ERROR;
				GCC_WARN_UNDECLARED_SELECTOR = YES;
				GCC_WARN_UNINITIALIZED_AUTOS = YES_AGGRESSIVE;
				GCC_WARN_UNUSED_FUNCTION = YES;
				GCC_WARN_UNUSED_VARIABLE = YES;
				IPHONEOS_DEPLOYMENT_TARGET = 9.2;
				MTL_ENABLE_DEBUG_INFO = NO;
				SDKROOT = iphoneos;
				VALIDATE_PRODUCT = YES;
			};
			name = Release;
		};
		03D67E511C65892700E062C0 /* Debug */ = {
			isa = XCBuildConfiguration;
			buildSettings = {
				ASSETCATALOG_COMPILER_APPICON_NAME = AppIcon;
				CODE_SIGN_IDENTITY = "iPhone Developer";
				INFOPLIST_FILE = MyFavouriteMovies/Info.plist;
				LD_RUNPATH_SEARCH_PATHS = "$(inherited) @executable_path/Frameworks";
				PRODUCT_BUNDLE_IDENTIFIER = com.foxgallerystudios.MyFavouriteMovies;
				PRODUCT_NAME = "$(TARGET_NAME)";
			};
			name = Debug;
		};
		03D67E521C65892700E062C0 /* Release */ = {
			isa = XCBuildConfiguration;
			buildSettings = {
				ASSETCATALOG_COMPILER_APPICON_NAME = AppIcon;
				CODE_SIGN_IDENTITY = "iPhone Developer";
				INFOPLIST_FILE = MyFavouriteMovies/Info.plist;
				LD_RUNPATH_SEARCH_PATHS = "$(inherited) @executable_path/Frameworks";
				PRODUCT_BUNDLE_IDENTIFIER = com.foxgallerystudios.MyFavouriteMovies;
				PRODUCT_NAME = "$(TARGET_NAME)";
			};
			name = Release;
		};
/* End XCBuildConfiguration section */

/* Begin XCConfigurationList section */
		03D67E361C65892700E062C0 /* Build configuration list for PBXProject "MyFavouriteMovies" */ = {
			isa = XCConfigurationList;
			buildConfigurations = (
				03D67E4E1C65892700E062C0 /* Debug */,
				03D67E4F1C65892700E062C0 /* Release */,
			);
			defaultConfigurationIsVisible = 0;
			defaultConfigurationName = Release;
		};
		03D67E501C65892700E062C0 /* Build configuration list for PBXNativeTarget "MyFavouriteMovies" */ = {
			isa = XCConfigurationList;
			buildConfigurations = (
				03D67E511C65892700E062C0 /* Debug */,
				03D67E521C65892700E062C0 /* Release */,
			);
			defaultConfigurationIsVisible = 0;
			defaultConfigurationName = Release;
		};
/* End XCConfigurationList section */

/* Begin XCVersionGroup section */
		03D67E451C65892700E062C0 /* MyFavouriteMovies.xcdatamodeld */ = {
			isa = XCVersionGroup;
			children = (
				03D67E461C65892700E062C0 /* MyFavouriteMovies.xcdatamodel */,
			);
			currentVersion = 03D67E461C65892700E062C0 /* MyFavouriteMovies.xcdatamodel */;
			path = MyFavouriteMovies.xcdatamodeld;
			sourceTree = "<group>";
			versionGroupType = wrapper.xcdatamodel;
		};
/* End XCVersionGroup section */
	};
	rootObject = 03D67E331C65892700E062C0 /* Project object */;
}
